
Microsoft Visual Studio Solution File, Format Version 12.00
# Visual Studio 2013
VisualStudioVersion = 12.0.21005.1
MinimumVisualStudioVersion = 10.0.40219.1
Project("{2150E333-8FDC-42A3-9474-1A3956D46DE8}") = "Core", "Core", "{8D434294-CDEE-47E1-A064-78DDDAFDE8F5}"
EndProject
Project("{FAE04EC0-301F-11D3-BF4B-00C04F79EFBC}") = "Alix.Core.Business", "..\Core\Alix.Core.Business\Alix.Core.Business.csproj", "{D202C868-A8F1-4C53-B517-71FC71B4392A}"
EndProject
Project("{FAE04EC0-301F-11D3-BF4B-00C04F79EFBC}") = "Alix.Core.Common", "..\Core\Alix.Core.Common\Alix.Core.Common.csproj", "{0F14B5C2-B47C-4C43-A199-2FD178C02316}"
EndProject
Project("{FAE04EC0-301F-11D3-BF4B-00C04F79EFBC}") = "Alix.Core.Data", "..\Core\Alix.Core.Data\Alix.Core.Data.csproj", "{9577EF38-84DE-4006-A31C-611E612B9FE3}"
EndProject
Project("{FAE04EC0-301F-11D3-BF4B-00C04F79EFBC}") = "Alix.Win8", "Alix.Win8\Alix.Win8.csproj", "{D77DEA95-9D10-4055-B60E-D47758C3BBDA}"
EndProject
Global
	GlobalSection(SolutionConfigurationPlatforms) = preSolution
		Debug|Any CPU = Debug|Any CPU
		Debug|ARM = Debug|ARM
		Debug|x64 = Debug|x64
		Debug|x86 = Debug|x86
		Release|Any CPU = Release|Any CPU
		Release|ARM = Release|ARM
		Release|x64 = Release|x64
		Release|x86 = Release|x86
	EndGlobalSection
	GlobalSection(ProjectConfigurationPlatforms) = postSolution
		{D202C868-A8F1-4C53-B517-71FC71B4392A}.Debug|Any CPU.ActiveCfg = Debug|Any CPU
		{D202C868-A8F1-4C53-B517-71FC71B4392A}.Debug|Any CPU.Build.0 = Debug|Any CPU
		{D202C868-A8F1-4C53-B517-71FC71B4392A}.Debug|ARM.ActiveCfg = Debug|Any CPU
		{D202C868-A8F1-4C53-B517-71FC71B4392A}.Debug|x64.ActiveCfg = Debug|Any CPU
		{D202C868-A8F1-4C53-B517-71FC71B4392A}.Debug|x86.ActiveCfg = Debug|Any CPU
		{D202C868-A8F1-4C53-B517-71FC71B4392A}.Release|Any CPU.ActiveCfg = Release|Any CPU
		{D202C868-A8F1-4C53-B517-71FC71B4392A}.Release|Any CPU.Build.0 = Release|Any CPU
		{D202C868-A8F1-4C53-B517-71FC71B4392A}.Release|ARM.ActiveCfg = Release|Any CPU
		{D202C868-A8F1-4C53-B517-71FC71B4392A}.Release|x64.ActiveCfg = Release|Any CPU
		{D202C868-A8F1-4C53-B517-71FC71B4392A}.Release|x86.ActiveCfg = Release|Any CPU
		{0F14B5C2-B47C-4C43-A199-2FD178C02316}.Debug|Any CPU.ActiveCfg = Debug|Any CPU
		{0F14B5C2-B47C-4C43-A199-2FD178C02316}.Debug|Any CPU.Build.0 = Debug|Any CPU
		{0F14B5C2-B47C-4C43-A199-2FD178C02316}.Debug|ARM.ActiveCfg = Debug|Any CPU
		{0F14B5C2-B47C-4C43-A199-2FD178C02316}.Debug|x64.ActiveCfg = Debug|Any CPU
		{0F14B5C2-B47C-4C43-A199-2FD178C02316}.Debug|x86.ActiveCfg = Debug|Any CPU
		{0F14B5C2-B47C-4C43-A199-2FD178C02316}.Release|Any CPU.ActiveCfg = Release|Any CPU
		{0F14B5C2-B47C-4C43-A199-2FD178C02316}.Release|Any CPU.Build.0 = Release|Any CPU
		{0F14B5C2-B47C-4C43-A199-2FD178C02316}.Release|ARM.ActiveCfg = Release|Any CPU
		{0F14B5C2-B47C-4C43-A199-2FD178C02316}.Release|x64.ActiveCfg = Release|Any CPU
		{0F14B5C2-B47C-4C43-A199-2FD178C02316}.Release|x86.ActiveCfg = Release|Any CPU
		{9577EF38-84DE-4006-A31C-611E612B9FE3}.Debug|Any CPU.ActiveCfg = Debug|Any CPU
		{9577EF38-84DE-4006-A31C-611E612B9FE3}.Debug|Any CPU.Build.0 = Debug|Any CPU
		{9577EF38-84DE-4006-A31C-611E612B9FE3}.Debug|ARM.ActiveCfg = Debug|Any CPU
		{9577EF38-84DE-4006-A31C-611E612B9FE3}.Debug|x64.ActiveCfg = Debug|Any CPU
		{9577EF38-84DE-4006-A31C-611E612B9FE3}.Debug|x86.ActiveCfg = Debug|Any CPU
		{9577EF38-84DE-4006-A31C-611E612B9FE3}.Release|Any CPU.ActiveCfg = Release|Any CPU
		{9577EF38-84DE-4006-A31C-611E612B9FE3}.Release|Any CPU.Build.0 = Release|Any CPU
		{9577EF38-84DE-4006-A31C-611E612B9FE3}.Release|ARM.ActiveCfg = Release|Any CPU
		{9577EF38-84DE-4006-A31C-611E612B9FE3}.Release|x64.ActiveCfg = Release|Any CPU
		{9577EF38-84DE-4006-A31C-611E612B9FE3}.Release|x86.ActiveCfg = Release|Any CPU
		{D77DEA95-9D10-4055-B60E-D47758C3BBDA}.Debug|Any CPU.ActiveCfg = Debug|Any CPU
		{D77DEA95-9D10-4055-B60E-D47758C3BBDA}.Debug|Any CPU.Build.0 = Debug|Any CPU
		{D77DEA95-9D10-4055-B60E-D47758C3BBDA}.Debug|Any CPU.Deploy.0 = Debug|Any CPU
		{D77DEA95-9D10-4055-B60E-D47758C3BBDA}.Debug|ARM.ActiveCfg = Debug|ARM
		{D77DEA95-9D10-4055-B60E-D47758C3BBDA}.Debug|ARM.Build.0 = Debug|ARM
		{D77DEA95-9D10-4055-B60E-D47758C3BBDA}.Debug|ARM.Deploy.0 = Debug|ARM
		{D77DEA95-9D10-4055-B60E-D47758C3BBDA}.Debug|x64.ActiveCfg = Debug|x64
		{D77DEA95-9D10-4055-B60E-D47758C3BBDA}.Debug|x64.Build.0 = Debug|x64
		{D77DEA95-9D10-4055-B60E-D47758C3BBDA}.Debug|x64.Deploy.0 = Debug|x64
		{D77DEA95-9D10-4055-B60E-D47758C3BBDA}.Debug|x86.ActiveCfg = Debug|x86
		{D77DEA95-9D10-4055-B60E-D47758C3BBDA}.Debug|x86.Build.0 = Debug|x86
		{D77DEA95-9D10-4055-B60E-D47758C3BBDA}.Debug|x86.Deploy.0 = Debug|x86
		{D77DEA95-9D10-4055-B60E-D47758C3BBDA}.Release|Any CPU.ActiveCfg = Release|Any CPU
		{D77DEA95-9D10-4055-B60E-D47758C3BBDA}.Release|Any CPU.Build.0 = Release|Any CPU
		{D77DEA95-9D10-4055-B60E-D47758C3BBDA}.Release|Any CPU.Deploy.0 = Release|Any CPU
		{D77DEA95-9D10-4055-B60E-D47758C3BBDA}.Release|ARM.ActiveCfg = Release|ARM
		{D77DEA95-9D10-4055-B60E-D47758C3BBDA}.Release|ARM.Build.0 = Release|ARM
		{D77DEA95-9D10-4055-B60E-D47758C3BBDA}.Release|ARM.Deploy.0 = Release|ARM
		{D77DEA95-9D10-4055-B60E-D47758C3BBDA}.Release|x64.ActiveCfg = Release|x64
		{D77DEA95-9D10-4055-B60E-D47758C3BBDA}.Release|x64.Build.0 = Release|x64
		{D77DEA95-9D10-4055-B60E-D47758C3BBDA}.Release|x64.Deploy.0 = Release|x64
		{D77DEA95-9D10-4055-B60E-D47758C3BBDA}.Release|x86.ActiveCfg = Release|x86
		{D77DEA95-9D10-4055-B60E-D47758C3BBDA}.Release|x86.Build.0 = Release|x86
		{D77DEA95-9D10-4055-B60E-D47758C3BBDA}.Release|x86.Deploy.0 = Release|x86
	EndGlobalSection
	GlobalSection(SolutionProperties) = preSolution
		HideSolutionNode = FALSE
	EndGlobalSection
	GlobalSection(NestedProjects) = preSolution
		{D202C868-A8F1-4C53-B517-71FC71B4392A} = {8D434294-CDEE-47E1-A064-78DDDAFDE8F5}
		{0F14B5C2-B47C-4C43-A199-2FD178C02316} = {8D434294-CDEE-47E1-A064-78DDDAFDE8F5}
		{9577EF38-84DE-4006-A31C-611E612B9FE3} = {8D434294-CDEE-47E1-A064-78DDDAFDE8F5}
	EndGlobalSection
EndGlobal
